
Microsoft Visual Studio Solution File, Format Version 12.00
# Visual Studio Version 17
VisualStudioVersion = 17.14.36310.24
MinimumVisualStudioVersion = 10.0.40219.1
Project("{2150E333-8FDC-42A3-9474-1A3956D46DE8}") = "src", "src", "{F8CEC9C7-F601-4710-8958-97C957C3A8EB}"
EndProject
Project("{2150E333-8FDC-42A3-9474-1A3956D46DE8}") = "framework", "framework", "{C1BF93A4-0922-4605-9A0E-D7901AE11DA5}"
EndProject
Project("{2150E333-8FDC-42A3-9474-1A3956D46DE8}") = "Solution Items", "Solution Items", "{1DDFB55C-3685-4FA4-B5B3-D73872B8D5F9}"
	ProjectSection(SolutionItems) = preProject
		Directory.Build.props = Directory.Build.props
		Directory.Packages.props = Directory.Packages.props
	EndProjectSection
EndProject
Project("{2150E333-8FDC-42A3-9474-1A3956D46DE8}") = "src", "src", "{6D268736-6847-4F34-9837-5E7246C70D05}"
EndProject
Project("{FAE04EC0-301F-11D3-BF4B-00C04F79EFBC}") = "Making.Core", "framework\src\Making.Core\Making.Core.csproj", "{CF31EF7A-036B-4A88-98CA-6CA245CB6DAD}"
EndProject
Project("{FAE04EC0-301F-11D3-BF4B-00C04F79EFBC}") = "Making.Analyzers", "framework\src\Making.Analyzers\Making.Analyzers.csproj", "{47CD02DE-9BF1-422F-8498-ADEB4B45A993}"
EndProject
Project("{FAE04EC0-301F-11D3-BF4B-00C04F79EFBC}") = "Making.Mapster", "framework\src\Making.Mapster\Making.Mapster.csproj", "{CD81929B-B875-4E1A-B15B-8ED33621AAB7}"
EndProject
Project("{FAE04EC0-301F-11D3-BF4B-00C04F79EFBC}") = "Making.AspNetCore.Serilog", "framework\src\Making.AspNetCore.Serilog\Making.AspNetCore.Serilog.csproj", "{75B1E7F7-B411-4C04-9B05-1BED82801C58}"
EndProject
Project("{FAE04EC0-301F-11D3-BF4B-00C04F79EFBC}") = "Making.MultiTenancy.Abstractions", "framework\src\Making.MultiTenancy.Abstractions\Making.MultiTenancy.Abstractions.csproj", "{A9FD1048-FDEB-49B1-9E39-C642343379AC}"
EndProject
Project("{FAE04EC0-301F-11D3-BF4B-00C04F79EFBC}") = "Making.Security", "framework\src\Making.Security\Making.Security.csproj", "{56BB8522-D9C1-4055-AE02-BDC590C7A6EF}"
EndProject
Project("{FAE04EC0-301F-11D3-BF4B-00C04F79EFBC}") = "Making.Jwt", "framework\src\Making.Jwt\Making.Jwt.csproj", "{AE4829FA-3A1F-4F90-B3FB-484BFE958F29}"
EndProject
Project("{FAE04EC0-301F-11D3-BF4B-00C04F79EFBC}") = "Making.MultiTenancy", "framework\src\Making.MultiTenancy\Making.MultiTenancy.csproj", "{EA27ED28-0BAE-4975-9F3C-392E6204E2D5}"
EndProject
Project("{2150E333-8FDC-42A3-9474-1A3956D46DE8}") = "test", "test", "{22E1CCB8-A148-4172-A000-C48BE0A1E471}"
EndProject
Project("{FAE04EC0-301F-11D3-BF4B-00C04F79EFBC}") = "Making.Analyzers.SimpleTest", "framework\test\Making.Analyzers.SimpleTest\Making.Analyzers.SimpleTest.csproj", "{21639534-B2BC-4881-A475-99F9EDDB9CA1}"
EndProject
Project("{FAE04EC0-301F-11D3-BF4B-00C04F79EFBC}") = "Making.MemoryCache.Abstractions", "framework\src\Making.MemoryCache.Abstractions\Making.MemoryCache.Abstractions.csproj", "{010B1FCE-F9E7-4F5B-B45E-DA8DCAF6CE9F}"
EndProject
Project("{FAE04EC0-301F-11D3-BF4B-00C04F79EFBC}") = "Making.MemoryCache", "framework\src\Making.MemoryCache\Making.MemoryCache.csproj", "{880C21AE-C35F-4F30-A8A4-6CA09538FE6D}"
EndProject
Project("{FAE04EC0-301F-11D3-BF4B-00C04F79EFBC}") = "Making.MemoryCache.Redis", "framework\src\Making.MemoryCache.Redis\Making.MemoryCache.Redis.csproj", "{F78A920D-24A9-4387-8026-37FEFCC47BFF}"
EndProject
Project("{FAE04EC0-301F-11D3-BF4B-00C04F79EFBC}") = "Making.MiniApis.Analyzers", "framework\src\Making.MiniApis.Analyzers\Making.MiniApis.Analyzers.csproj", "{230B930C-F0DD-4945-A420-16670DFB2A4A}"
EndProject
Project("{FAE04EC0-301F-11D3-BF4B-00C04F79EFBC}") = "Making.AspNetCore", "framework\src\Making.AspNetCore\Making.AspNetCore.csproj", "{771219E4-1AE2-4762-8780-28DF01FBF6F3}"
EndProject
Project("{FAE04EC0-301F-11D3-BF4B-00C04F79EFBC}") = "Making.Events", "framework\src\Making.Events\Making.Events.csproj", "{A1B2C3D4-E5F6-7890-1234-567890ABCDEF}"
EndProject
Project("{FAE04EC0-301F-11D3-BF4B-00C04F79EFBC}") = "Making.RabbitMQ", "framework\src\Making.RabbitMQ\Making.RabbitMQ.csproj", "{B2C3D4E5-F6A7-8901-2345-678901BCDEF0}"
EndProject
Project("{FAE04EC0-301F-11D3-BF4B-00C04F79EFBC}") = "Making.Events.RabbitMQ", "framework\src\Making.Events.RabbitMQ\Making.Events.RabbitMQ.csproj", "{C3D4E5F6-A7B8-9012-3456-789012CDEF01}"
EndProject
Project("{FAE04EC0-301F-11D3-BF4B-00C04F79EFBC}") = "Making.MiniApis.SimpleTest", "framework\test\Making.MiniApis.SimpleTest\Making.MiniApis.SimpleTest.csproj", "{A85D16C5-A426-F2F5-8FEF-AC22761D01BA}"
EndProject
Global
	GlobalSection(SolutionConfigurationPlatforms) = preSolution
		Debug|Any CPU = Debug|Any CPU
		Debug|x64 = Debug|x64
		Debug|x86 = Debug|x86
		Release|Any CPU = Release|Any CPU
		Release|x64 = Release|x64
		Release|x86 = Release|x86
	EndGlobalSection
	GlobalSection(ProjectConfigurationPlatforms) = postSolution
		{CF31EF7A-036B-4A88-98CA-6CA245CB6DAD}.Debug|Any CPU.ActiveCfg = Debug|Any CPU
		{CF31EF7A-036B-4A88-98CA-6CA245CB6DAD}.Debug|Any CPU.Build.0 = Debug|Any CPU
		{CF31EF7A-036B-4A88-98CA-6CA245CB6DAD}.Debug|x64.ActiveCfg = Debug|Any CPU
		{CF31EF7A-036B-4A88-98CA-6CA245CB6DAD}.Debug|x64.Build.0 = Debug|Any CPU
		{CF31EF7A-036B-4A88-98CA-6CA245CB6DAD}.Debug|x86.ActiveCfg = Debug|Any CPU
		{CF31EF7A-036B-4A88-98CA-6CA245CB6DAD}.Debug|x86.Build.0 = Debug|Any CPU
		{CF31EF7A-036B-4A88-98CA-6CA245CB6DAD}.Release|Any CPU.ActiveCfg = Release|Any CPU
		{CF31EF7A-036B-4A88-98CA-6CA245CB6DAD}.Release|Any CPU.Build.0 = Release|Any CPU
		{CF31EF7A-036B-4A88-98CA-6CA245CB6DAD}.Release|x64.ActiveCfg = Release|Any CPU
		{CF31EF7A-036B-4A88-98CA-6CA245CB6DAD}.Release|x64.Build.0 = Release|Any CPU
		{CF31EF7A-036B-4A88-98CA-6CA245CB6DAD}.Release|x86.ActiveCfg = Release|Any CPU
		{CF31EF7A-036B-4A88-98CA-6CA245CB6DAD}.Release|x86.Build.0 = Release|Any CPU
		{47CD02DE-9BF1-422F-8498-ADEB4B45A993}.Debug|Any CPU.ActiveCfg = Debug|Any CPU
		{47CD02DE-9BF1-422F-8498-ADEB4B45A993}.Debug|Any CPU.Build.0 = Debug|Any CPU
		{47CD02DE-9BF1-422F-8498-ADEB4B45A993}.Debug|x64.ActiveCfg = Debug|Any CPU
		{47CD02DE-9BF1-422F-8498-ADEB4B45A993}.Debug|x64.Build.0 = Debug|Any CPU
		{47CD02DE-9BF1-422F-8498-ADEB4B45A993}.Debug|x86.ActiveCfg = Debug|Any CPU
		{47CD02DE-9BF1-422F-8498-ADEB4B45A993}.Debug|x86.Build.0 = Debug|Any CPU
		{47CD02DE-9BF1-422F-8498-ADEB4B45A993}.Release|Any CPU.ActiveCfg = Release|Any CPU
		{47CD02DE-9BF1-422F-8498-ADEB4B45A993}.Release|Any CPU.Build.0 = Release|Any CPU
		{47CD02DE-9BF1-422F-8498-ADEB4B45A993}.Release|x64.ActiveCfg = Release|Any CPU
		{47CD02DE-9BF1-422F-8498-ADEB4B45A993}.Release|x64.Build.0 = Release|Any CPU
		{47CD02DE-9BF1-422F-8498-ADEB4B45A993}.Release|x86.ActiveCfg = Release|Any CPU
		{47CD02DE-9BF1-422F-8498-ADEB4B45A993}.Release|x86.Build.0 = Release|Any CPU
		{CD81929B-B875-4E1A-B15B-8ED33621AAB7}.Debug|Any CPU.ActiveCfg = Debug|Any CPU
		{CD81929B-B875-4E1A-B15B-8ED33621AAB7}.Debug|Any CPU.Build.0 = Debug|Any CPU
		{CD81929B-B875-4E1A-B15B-8ED33621AAB7}.Debug|x64.ActiveCfg = Debug|Any CPU
		{CD81929B-B875-4E1A-B15B-8ED33621AAB7}.Debug|x64.Build.0 = Debug|Any CPU
		{CD81929B-B875-4E1A-B15B-8ED33621AAB7}.Debug|x86.ActiveCfg = Debug|Any CPU
		{CD81929B-B875-4E1A-B15B-8ED33621AAB7}.Debug|x86.Build.0 = Debug|Any CPU
		{CD81929B-B875-4E1A-B15B-8ED33621AAB7}.Release|Any CPU.ActiveCfg = Release|Any CPU
		{CD81929B-B875-4E1A-B15B-8ED33621AAB7}.Release|Any CPU.Build.0 = Release|Any CPU
		{CD81929B-B875-4E1A-B15B-8ED33621AAB7}.Release|x64.ActiveCfg = Release|Any CPU
		{CD81929B-B875-4E1A-B15B-8ED33621AAB7}.Release|x64.Build.0 = Release|Any CPU
		{CD81929B-B875-4E1A-B15B-8ED33621AAB7}.Release|x86.ActiveCfg = Release|Any CPU
		{CD81929B-B875-4E1A-B15B-8ED33621AAB7}.Release|x86.Build.0 = Release|Any CPU
		{75B1E7F7-B411-4C04-9B05-1BED82801C58}.Debug|Any CPU.ActiveCfg = Debug|Any CPU
		{75B1E7F7-B411-4C04-9B05-1BED82801C58}.Debug|Any CPU.Build.0 = Debug|Any CPU
		{75B1E7F7-B411-4C04-9B05-1BED82801C58}.Debug|x64.ActiveCfg = Debug|Any CPU
		{75B1E7F7-B411-4C04-9B05-1BED82801C58}.Debug|x64.Build.0 = Debug|Any CPU
		{75B1E7F7-B411-4C04-9B05-1BED82801C58}.Debug|x86.ActiveCfg = Debug|Any CPU
		{75B1E7F7-B411-4C04-9B05-1BED82801C58}.Debug|x86.Build.0 = Debug|Any CPU
		{75B1E7F7-B411-4C04-9B05-1BED82801C58}.Release|Any CPU.ActiveCfg = Release|Any CPU
		{75B1E7F7-B411-4C04-9B05-1BED82801C58}.Release|Any CPU.Build.0 = Release|Any CPU
		{75B1E7F7-B411-4C04-9B05-1BED82801C58}.Release|x64.ActiveCfg = Release|Any CPU
		{75B1E7F7-B411-4C04-9B05-1BED82801C58}.Release|x64.Build.0 = Release|Any CPU
		{75B1E7F7-B411-4C04-9B05-1BED82801C58}.Release|x86.ActiveCfg = Release|Any CPU
		{75B1E7F7-B411-4C04-9B05-1BED82801C58}.Release|x86.Build.0 = Release|Any CPU
		{A9FD1048-FDEB-49B1-9E39-C642343379AC}.Debug|Any CPU.ActiveCfg = Debug|Any CPU
		{A9FD1048-FDEB-49B1-9E39-C642343379AC}.Debug|Any CPU.Build.0 = Debug|Any CPU
		{A9FD1048-FDEB-49B1-9E39-C642343379AC}.Debug|x64.ActiveCfg = Debug|Any CPU
		{A9FD1048-FDEB-49B1-9E39-C642343379AC}.Debug|x64.Build.0 = Debug|Any CPU
		{A9FD1048-FDEB-49B1-9E39-C642343379AC}.Debug|x86.ActiveCfg = Debug|Any CPU
		{A9FD1048-FDEB-49B1-9E39-C642343379AC}.Debug|x86.Build.0 = Debug|Any CPU
		{A9FD1048-FDEB-49B1-9E39-C642343379AC}.Release|Any CPU.ActiveCfg = Release|Any CPU
		{A9FD1048-FDEB-49B1-9E39-C642343379AC}.Release|Any CPU.Build.0 = Release|Any CPU
		{A9FD1048-FDEB-49B1-9E39-C642343379AC}.Release|x64.ActiveCfg = Release|Any CPU
		{A9FD1048-FDEB-49B1-9E39-C642343379AC}.Release|x64.Build.0 = Release|Any CPU
		{A9FD1048-FDEB-49B1-9E39-C642343379AC}.Release|x86.ActiveCfg = Release|Any CPU
		{A9FD1048-FDEB-49B1-9E39-C642343379AC}.Release|x86.Build.0 = Release|Any CPU
		{56BB8522-D9C1-4055-AE02-BDC590C7A6EF}.Debug|Any CPU.ActiveCfg = Debug|Any CPU
		{56BB8522-D9C1-4055-AE02-BDC590C7A6EF}.Debug|Any CPU.Build.0 = Debug|Any CPU
		{56BB8522-D9C1-4055-AE02-BDC590C7A6EF}.Debug|x64.ActiveCfg = Debug|Any CPU
		{56BB8522-D9C1-4055-AE02-BDC590C7A6EF}.Debug|x64.Build.0 = Debug|Any CPU
		{56BB8522-D9C1-4055-AE02-BDC590C7A6EF}.Debug|x86.ActiveCfg = Debug|Any CPU
		{56BB8522-D9C1-4055-AE02-BDC590C7A6EF}.Debug|x86.Build.0 = Debug|Any CPU
		{56BB8522-D9C1-4055-AE02-BDC590C7A6EF}.Release|Any CPU.ActiveCfg = Release|Any CPU
		{56BB8522-D9C1-4055-AE02-BDC590C7A6EF}.Release|Any CPU.Build.0 = Release|Any CPU
		{56BB8522-D9C1-4055-AE02-BDC590C7A6EF}.Release|x64.ActiveCfg = Release|Any CPU
		{56BB8522-D9C1-4055-AE02-BDC590C7A6EF}.Release|x64.Build.0 = Release|Any CPU
		{56BB8522-D9C1-4055-AE02-BDC590C7A6EF}.Release|x86.ActiveCfg = Release|Any CPU
		{56BB8522-D9C1-4055-AE02-BDC590C7A6EF}.Release|x86.Build.0 = Release|Any CPU
		{AE4829FA-3A1F-4F90-B3FB-484BFE958F29}.Debug|Any CPU.ActiveCfg = Debug|Any CPU
		{AE4829FA-3A1F-4F90-B3FB-484BFE958F29}.Debug|Any CPU.Build.0 = Debug|Any CPU
		{AE4829FA-3A1F-4F90-B3FB-484BFE958F29}.Debug|x64.ActiveCfg = Debug|Any CPU
		{AE4829FA-3A1F-4F90-B3FB-484BFE958F29}.Debug|x64.Build.0 = Debug|Any CPU
		{AE4829FA-3A1F-4F90-B3FB-484BFE958F29}.Debug|x86.ActiveCfg = Debug|Any CPU
		{AE4829FA-3A1F-4F90-B3FB-484BFE958F29}.Debug|x86.Build.0 = Debug|Any CPU
		{AE4829FA-3A1F-4F90-B3FB-484BFE958F29}.Release|Any CPU.ActiveCfg = Release|Any CPU
		{AE4829FA-3A1F-4F90-B3FB-484BFE958F29}.Release|Any CPU.Build.0 = Release|Any CPU
		{AE4829FA-3A1F-4F90-B3FB-484BFE958F29}.Release|x64.ActiveCfg = Release|Any CPU
		{AE4829FA-3A1F-4F90-B3FB-484BFE958F29}.Release|x64.Build.0 = Release|Any CPU
		{AE4829FA-3A1F-4F90-B3FB-484BFE958F29}.Release|x86.ActiveCfg = Release|Any CPU
		{AE4829FA-3A1F-4F90-B3FB-484BFE958F29}.Release|x86.Build.0 = Release|Any CPU
		{EA27ED28-0BAE-4975-9F3C-392E6204E2D5}.Debug|Any CPU.ActiveCfg = Debug|Any CPU
		{EA27ED28-0BAE-4975-9F3C-392E6204E2D5}.Debug|Any CPU.Build.0 = Debug|Any CPU
		{EA27ED28-0BAE-4975-9F3C-392E6204E2D5}.Debug|x64.ActiveCfg = Debug|Any CPU
		{EA27ED28-0BAE-4975-9F3C-392E6204E2D5}.Debug|x64.Build.0 = Debug|Any CPU
		{EA27ED28-0BAE-4975-9F3C-392E6204E2D5}.Debug|x86.ActiveCfg = Debug|Any CPU
		{EA27ED28-0BAE-4975-9F3C-392E6204E2D5}.Debug|x86.Build.0 = Debug|Any CPU
		{EA27ED28-0BAE-4975-9F3C-392E6204E2D5}.Release|Any CPU.ActiveCfg = Release|Any CPU
		{EA27ED28-0BAE-4975-9F3C-392E6204E2D5}.Release|Any CPU.Build.0 = Release|Any CPU
		{EA27ED28-0BAE-4975-9F3C-392E6204E2D5}.Release|x64.ActiveCfg = Release|Any CPU
		{EA27ED28-0BAE-4975-9F3C-392E6204E2D5}.Release|x64.Build.0 = Release|Any CPU
		{EA27ED28-0BAE-4975-9F3C-392E6204E2D5}.Release|x86.ActiveCfg = Release|Any CPU
		{EA27ED28-0BAE-4975-9F3C-392E6204E2D5}.Release|x86.Build.0 = Release|Any CPU
		{21639534-B2BC-4881-A475-99F9EDDB9CA1}.Debug|Any CPU.ActiveCfg = Debug|Any CPU
		{21639534-B2BC-4881-A475-99F9EDDB9CA1}.Debug|Any CPU.Build.0 = Debug|Any CPU
		{21639534-B2BC-4881-A475-99F9EDDB9CA1}.Debug|x64.ActiveCfg = Debug|Any CPU
		{21639534-B2BC-4881-A475-99F9EDDB9CA1}.Debug|x64.Build.0 = Debug|Any CPU
		{21639534-B2BC-4881-A475-99F9EDDB9CA1}.Debug|x86.ActiveCfg = Debug|Any CPU
		{21639534-B2BC-4881-A475-99F9EDDB9CA1}.Debug|x86.Build.0 = Debug|Any CPU
		{21639534-B2BC-4881-A475-99F9EDDB9CA1}.Release|Any CPU.ActiveCfg = Release|Any CPU
		{21639534-B2BC-4881-A475-99F9EDDB9CA1}.Release|Any CPU.Build.0 = Release|Any CPU
		{21639534-B2BC-4881-A475-99F9EDDB9CA1}.Release|x64.ActiveCfg = Release|Any CPU
		{21639534-B2BC-4881-A475-99F9EDDB9CA1}.Release|x64.Build.0 = Release|Any CPU
		{21639534-B2BC-4881-A475-99F9EDDB9CA1}.Release|x86.ActiveCfg = Release|Any CPU
		{21639534-B2BC-4881-A475-99F9EDDB9CA1}.Release|x86.Build.0 = Release|Any CPU
		{010B1FCE-F9E7-4F5B-B45E-DA8DCAF6CE9F}.Debug|Any CPU.ActiveCfg = Debug|Any CPU
		{010B1FCE-F9E7-4F5B-B45E-DA8DCAF6CE9F}.Debug|Any CPU.Build.0 = Debug|Any CPU
		{010B1FCE-F9E7-4F5B-B45E-DA8DCAF6CE9F}.Debug|x64.ActiveCfg = Debug|Any CPU
		{010B1FCE-F9E7-4F5B-B45E-DA8DCAF6CE9F}.Debug|x64.Build.0 = Debug|Any CPU
		{010B1FCE-F9E7-4F5B-B45E-DA8DCAF6CE9F}.Debug|x86.ActiveCfg = Debug|Any CPU
		{010B1FCE-F9E7-4F5B-B45E-DA8DCAF6CE9F}.Debug|x86.Build.0 = Debug|Any CPU
		{010B1FCE-F9E7-4F5B-B45E-DA8DCAF6CE9F}.Release|Any CPU.ActiveCfg = Release|Any CPU
		{010B1FCE-F9E7-4F5B-B45E-DA8DCAF6CE9F}.Release|Any CPU.Build.0 = Release|Any CPU
		{010B1FCE-F9E7-4F5B-B45E-DA8DCAF6CE9F}.Release|x64.ActiveCfg = Release|Any CPU
		{010B1FCE-F9E7-4F5B-B45E-DA8DCAF6CE9F}.Release|x64.Build.0 = Release|Any CPU
		{010B1FCE-F9E7-4F5B-B45E-DA8DCAF6CE9F}.Release|x86.ActiveCfg = Release|Any CPU
		{010B1FCE-F9E7-4F5B-B45E-DA8DCAF6CE9F}.Release|x86.Build.0 = Release|Any CPU
		{880C21AE-C35F-4F30-A8A4-6CA09538FE6D}.Debug|Any CPU.ActiveCfg = Debug|Any CPU
		{880C21AE-C35F-4F30-A8A4-6CA09538FE6D}.Debug|Any CPU.Build.0 = Debug|Any CPU
		{880C21AE-C35F-4F30-A8A4-6CA09538FE6D}.Debug|x64.ActiveCfg = Debug|Any CPU
		{880C21AE-C35F-4F30-A8A4-6CA09538FE6D}.Debug|x64.Build.0 = Debug|Any CPU
		{880C21AE-C35F-4F30-A8A4-6CA09538FE6D}.Debug|x86.ActiveCfg = Debug|Any CPU
		{880C21AE-C35F-4F30-A8A4-6CA09538FE6D}.Debug|x86.Build.0 = Debug|Any CPU
		{880C21AE-C35F-4F30-A8A4-6CA09538FE6D}.Release|Any CPU.ActiveCfg = Release|Any CPU
		{880C21AE-C35F-4F30-A8A4-6CA09538FE6D}.Release|Any CPU.Build.0 = Release|Any CPU
		{880C21AE-C35F-4F30-A8A4-6CA09538FE6D}.Release|x64.ActiveCfg = Release|Any CPU
		{880C21AE-C35F-4F30-A8A4-6CA09538FE6D}.Release|x64.Build.0 = Release|Any CPU
		{880C21AE-C35F-4F30-A8A4-6CA09538FE6D}.Release|x86.ActiveCfg = Release|Any CPU
		{880C21AE-C35F-4F30-A8A4-6CA09538FE6D}.Release|x86.Build.0 = Release|Any CPU
		{F78A920D-24A9-4387-8026-37FEFCC47BFF}.Debug|Any CPU.ActiveCfg = Debug|Any CPU
		{F78A920D-24A9-4387-8026-37FEFCC47BFF}.Debug|Any CPU.Build.0 = Debug|Any CPU
		{F78A920D-24A9-4387-8026-37FEFCC47BFF}.Debug|x64.ActiveCfg = Debug|Any CPU
		{F78A920D-24A9-4387-8026-37FEFCC47BFF}.Debug|x64.Build.0 = Debug|Any CPU
		{F78A920D-24A9-4387-8026-37FEFCC47BFF}.Debug|x86.ActiveCfg = Debug|Any CPU
		{F78A920D-24A9-4387-8026-37FEFCC47BFF}.Debug|x86.Build.0 = Debug|Any CPU
		{F78A920D-24A9-4387-8026-37FEFCC47BFF}.Release|Any CPU.ActiveCfg = Release|Any CPU
		{F78A920D-24A9-4387-8026-37FEFCC47BFF}.Release|Any CPU.Build.0 = Release|Any CPU
		{F78A920D-24A9-4387-8026-37FEFCC47BFF}.Release|x64.ActiveCfg = Release|Any CPU
		{F78A920D-24A9-4387-8026-37FEFCC47BFF}.Release|x64.Build.0 = Release|Any CPU
		{F78A920D-24A9-4387-8026-37FEFCC47BFF}.Release|x86.ActiveCfg = Release|Any CPU
		{F78A920D-24A9-4387-8026-37FEFCC47BFF}.Release|x86.Build.0 = Release|Any CPU
		{230B930C-F0DD-4945-A420-16670DFB2A4A}.Debug|Any CPU.ActiveCfg = Debug|Any CPU
		{230B930C-F0DD-4945-A420-16670DFB2A4A}.Debug|Any CPU.Build.0 = Debug|Any CPU
		{230B930C-F0DD-4945-A420-16670DFB2A4A}.Debug|x64.ActiveCfg = Debug|Any CPU
		{230B930C-F0DD-4945-A420-16670DFB2A4A}.Debug|x64.Build.0 = Debug|Any CPU
		{230B930C-F0DD-4945-A420-16670DFB2A4A}.Debug|x86.ActiveCfg = Debug|Any CPU
		{230B930C-F0DD-4945-A420-16670DFB2A4A}.Debug|x86.Build.0 = Debug|Any CPU
		{230B930C-F0DD-4945-A420-16670DFB2A4A}.Release|Any CPU.ActiveCfg = Release|Any CPU
		{230B930C-F0DD-4945-A420-16670DFB2A4A}.Release|Any CPU.Build.0 = Release|Any CPU
		{230B930C-F0DD-4945-A420-16670DFB2A4A}.Release|x64.ActiveCfg = Release|Any CPU
		{230B930C-F0DD-4945-A420-16670DFB2A4A}.Release|x64.Build.0 = Release|Any CPU
		{230B930C-F0DD-4945-A420-16670DFB2A4A}.Release|x86.ActiveCfg = Release|Any CPU
		{230B930C-F0DD-4945-A420-16670DFB2A4A}.Release|x86.Build.0 = Release|Any CPU
		{771219E4-1AE2-4762-8780-28DF01FBF6F3}.Debug|Any CPU.ActiveCfg = Debug|Any CPU
		{771219E4-1AE2-4762-8780-28DF01FBF6F3}.Debug|Any CPU.Build.0 = Debug|Any CPU
		{771219E4-1AE2-4762-8780-28DF01FBF6F3}.Debug|x64.ActiveCfg = Debug|Any CPU
		{771219E4-1AE2-4762-8780-28DF01FBF6F3}.Debug|x64.Build.0 = Debug|Any CPU
		{771219E4-1AE2-4762-8780-28DF01FBF6F3}.Debug|x86.ActiveCfg = Debug|Any CPU
		{771219E4-1AE2-4762-8780-28DF01FBF6F3}.Debug|x86.Build.0 = Debug|Any CPU
		{771219E4-1AE2-4762-8780-28DF01FBF6F3}.Release|Any CPU.ActiveCfg = Release|Any CPU
		{771219E4-1AE2-4762-8780-28DF01FBF6F3}.Release|Any CPU.Build.0 = Release|Any CPU
		{771219E4-1AE2-4762-8780-28DF01FBF6F3}.Release|x64.ActiveCfg = Release|Any CPU
		{771219E4-1AE2-4762-8780-28DF01FBF6F3}.Release|x64.Build.0 = Release|Any CPU
		{771219E4-1AE2-4762-8780-28DF01FBF6F3}.Release|x86.ActiveCfg = Release|Any CPU
		{771219E4-1AE2-4762-8780-28DF01FBF6F3}.Release|x86.Build.0 = Release|Any CPU
		{A1B2C3D4-E5F6-7890-1234-567890ABCDEF}.Debug|Any CPU.ActiveCfg = Debug|Any CPU
		{A1B2C3D4-E5F6-7890-1234-567890ABCDEF}.Debug|Any CPU.Build.0 = Debug|Any CPU
		{A1B2C3D4-E5F6-7890-1234-567890ABCDEF}.Debug|x64.ActiveCfg = Debug|Any CPU
		{A1B2C3D4-E5F6-7890-1234-567890ABCDEF}.Debug|x64.Build.0 = Debug|Any CPU
		{A1B2C3D4-E5F6-7890-1234-567890ABCDEF}.Debug|x86.ActiveCfg = Debug|Any CPU
		{A1B2C3D4-E5F6-7890-1234-567890ABCDEF}.Debug|x86.Build.0 = Debug|Any CPU
		{A1B2C3D4-E5F6-7890-1234-567890ABCDEF}.Release|Any CPU.ActiveCfg = Release|Any CPU
		{A1B2C3D4-E5F6-7890-1234-567890ABCDEF}.Release|Any CPU.Build.0 = Release|Any CPU
		{A1B2C3D4-E5F6-7890-1234-567890ABCDEF}.Release|x64.ActiveCfg = Release|Any CPU
		{A1B2C3D4-E5F6-7890-1234-567890ABCDEF}.Release|x64.Build.0 = Release|Any CPU
		{A1B2C3D4-E5F6-7890-1234-567890ABCDEF}.Release|x86.ActiveCfg = Release|Any CPU
		{A1B2C3D4-E5F6-7890-1234-567890ABCDEF}.Release|x86.Build.0 = Release|Any CPU
		{B2C3D4E5-F6A7-8901-2345-678901BCDEF0}.Debug|Any CPU.ActiveCfg = Debug|Any CPU
		{B2C3D4E5-F6A7-8901-2345-678901BCDEF0}.Debug|Any CPU.Build.0 = Debug|Any CPU
		{B2C3D4E5-F6A7-8901-2345-678901BCDEF0}.Debug|x64.ActiveCfg = Debug|Any CPU
		{B2C3D4E5-F6A7-8901-2345-678901BCDEF0}.Debug|x64.Build.0 = Debug|Any CPU
		{B2C3D4E5-F6A7-8901-2345-678901BCDEF0}.Debug|x86.ActiveCfg = Debug|Any CPU
		{B2C3D4E5-F6A7-8901-2345-678901BCDEF0}.Debug|x86.Build.0 = Debug|Any CPU
		{B2C3D4E5-F6A7-8901-2345-678901BCDEF0}.Release|Any CPU.ActiveCfg = Release|Any CPU
		{B2C3D4E5-F6A7-8901-2345-678901BCDEF0}.Release|Any CPU.Build.0 = Release|Any CPU
		{B2C3D4E5-F6A7-8901-2345-678901BCDEF0}.Release|x64.ActiveCfg = Release|Any CPU
		{B2C3D4E5-F6A7-8901-2345-678901BCDEF0}.Release|x64.Build.0 = Release|Any CPU
		{B2C3D4E5-F6A7-8901-2345-678901BCDEF0}.Release|x86.ActiveCfg = Release|Any CPU
		{B2C3D4E5-F6A7-8901-2345-678901BCDEF0}.Release|x86.Build.0 = Release|Any CPU
		{C3D4E5F6-A7B8-9012-3456-789012CDEF01}.Debug|Any CPU.ActiveCfg = Debug|Any CPU
		{C3D4E5F6-A7B8-9012-3456-789012CDEF01}.Debug|Any CPU.Build.0 = Debug|Any CPU
		{C3D4E5F6-A7B8-9012-3456-789012CDEF01}.Debug|x64.ActiveCfg = Debug|Any CPU
		{C3D4E5F6-A7B8-9012-3456-789012CDEF01}.Debug|x64.Build.0 = Debug|Any CPU
		{C3D4E5F6-A7B8-9012-3456-789012CDEF01}.Debug|x86.ActiveCfg = Debug|Any CPU
		{C3D4E5F6-A7B8-9012-3456-789012CDEF01}.Debug|x86.Build.0 = Debug|Any CPU
		{C3D4E5F6-A7B8-9012-3456-789012CDEF01}.Release|Any CPU.ActiveCfg = Release|Any CPU
		{C3D4E5F6-A7B8-9012-3456-789012CDEF01}.Release|Any CPU.Build.0 = Release|Any CPU
		{C3D4E5F6-A7B8-9012-3456-789012CDEF01}.Release|x64.ActiveCfg = Release|Any CPU
		{C3D4E5F6-A7B8-9012-3456-789012CDEF01}.Release|x64.Build.0 = Release|Any CPU
		{C3D4E5F6-A7B8-9012-3456-789012CDEF01}.Release|x86.ActiveCfg = Release|Any CPU
		{C3D4E5F6-A7B8-9012-3456-789012CDEF01}.Release|x86.Build.0 = Release|Any CPU
		{A85D16C5-A426-F2F5-8FEF-AC22761D01BA}.Debug|Any CPU.ActiveCfg = Debug|Any CPU
		{A85D16C5-A426-F2F5-8FEF-AC22761D01BA}.Debug|Any CPU.Build.0 = Debug|Any CPU
		{A85D16C5-A426-F2F5-8FEF-AC22761D01BA}.Debug|x64.ActiveCfg = Debug|Any CPU
		{A85D16C5-A426-F2F5-8FEF-AC22761D01BA}.Debug|x64.Build.0 = Debug|Any CPU
		{A85D16C5-A426-F2F5-8FEF-AC22761D01BA}.Debug|x86.ActiveCfg = Debug|Any CPU
		{A85D16C5-A426-F2F5-8FEF-AC22761D01BA}.Debug|x86.Build.0 = Debug|Any CPU
		{A85D16C5-A426-F2F5-8FEF-AC22761D01BA}.Release|Any CPU.ActiveCfg = Release|Any CPU
		{A85D16C5-A426-F2F5-8FEF-AC22761D01BA}.Release|Any CPU.Build.0 = Release|Any CPU
		{A85D16C5-A426-F2F5-8FEF-AC22761D01BA}.Release|x64.ActiveCfg = Release|Any CPU
		{A85D16C5-A426-F2F5-8FEF-AC22761D01BA}.Release|x64.Build.0 = Release|Any CPU
		{A85D16C5-A426-F2F5-8FEF-AC22761D01BA}.Release|x86.ActiveCfg = Release|Any CPU
		{A85D16C5-A426-F2F5-8FEF-AC22761D01BA}.Release|x86.Build.0 = Release|Any CPU
	EndGlobalSection
	GlobalSection(SolutionProperties) = preSolution
		HideSolutionNode = FALSE
	EndGlobalSection
	GlobalSection(NestedProjects) = preSolution
		{6D268736-6847-4F34-9837-5E7246C70D05} = {C1BF93A4-0922-4605-9A0E-D7901AE11DA5}
		{CF31EF7A-036B-4A88-98CA-6CA245CB6DAD} = {6D268736-6847-4F34-9837-5E7246C70D05}
		{47CD02DE-9BF1-422F-8498-ADEB4B45A993} = {6D268736-6847-4F34-9837-5E7246C70D05}
		{CD81929B-B875-4E1A-B15B-8ED33621AAB7} = {6D268736-6847-4F34-9837-5E7246C70D05}
		{75B1E7F7-B411-4C04-9B05-1BED82801C58} = {6D268736-6847-4F34-9837-5E7246C70D05}
		{A9FD1048-FDEB-49B1-9E39-C642343379AC} = {6D268736-6847-4F34-9837-5E7246C70D05}
		{56BB8522-D9C1-4055-AE02-BDC590C7A6EF} = {6D268736-6847-4F34-9837-5E7246C70D05}
		{AE4829FA-3A1F-4F90-B3FB-484BFE958F29} = {6D268736-6847-4F34-9837-5E7246C70D05}
		{EA27ED28-0BAE-4975-9F3C-392E6204E2D5} = {6D268736-6847-4F34-9837-5E7246C70D05}
		{22E1CCB8-A148-4172-A000-C48BE0A1E471} = {C1BF93A4-0922-4605-9A0E-D7901AE11DA5}
		{21639534-B2BC-4881-A475-99F9EDDB9CA1} = {22E1CCB8-A148-4172-A000-C48BE0A1E471}
		{010B1FCE-F9E7-4F5B-B45E-DA8DCAF6CE9F} = {6D268736-6847-4F34-9837-5E7246C70D05}
		{880C21AE-C35F-4F30-A8A4-6CA09538FE6D} = {6D268736-6847-4F34-9837-5E7246C70D05}
		{F78A920D-24A9-4387-8026-37FEFCC47BFF} = {6D268736-6847-4F34-9837-5E7246C70D05}
		{230B930C-F0DD-4945-A420-16670DFB2A4A} = {6D268736-6847-4F34-9837-5E7246C70D05}
		{771219E4-1AE2-4762-8780-28DF01FBF6F3} = {6D268736-6847-4F34-9837-5E7246C70D05}
		{A1B2C3D4-E5F6-7890-1234-567890ABCDEF} = {6D268736-6847-4F34-9837-5E7246C70D05}
		{B2C3D4E5-F6A7-8901-2345-678901BCDEF0} = {6D268736-6847-4F34-9837-5E7246C70D05}
		{C3D4E5F6-A7B8-9012-3456-789012CDEF01} = {6D268736-6847-4F34-9837-5E7246C70D05}
		{A85D16C5-A426-F2F5-8FEF-AC22761D01BA} = {22E1CCB8-A148-4172-A000-C48BE0A1E471}
	EndGlobalSection
EndGlobal
