
Microsoft Visual Studio Solution File, Format Version 12.00
Project("{2150E333-8FDC-42A3-9474-1A3956D46DE8}") = "src", "src", "{F8CEC9C7-F601-4710-8958-97C957C3A8EB}"
EndProject
Project("{2150E333-8FDC-42A3-9474-1A3956D46DE8}") = "framework", "framework", "{C1BF93A4-0922-4605-9A0E-D7901AE11DA5}"
EndProject
Project("{2150E333-8FDC-42A3-9474-1A3956D46DE8}") = "Solution Items", "Solution Items", "{1DDFB55C-3685-4FA4-B5B3-D73872B8D5F9}"
	ProjectSection(SolutionItems) = preProject
		Directory.Build.props = Directory.Build.props
		Directory.Packages.props = Directory.Packages.props
	EndProjectSection
EndProject
Project("{2150E333-8FDC-42A3-9474-1A3956D46DE8}") = "src", "src", "{6D268736-6847-4F34-9837-5E7246C70D05}"
EndProject
Project("{FAE04EC0-301F-11D3-BF4B-00C04F79EFBC}") = "Mark.Core", "framework\src\Mark.Core\Mark.Core.csproj", "{CF31EF7A-036B-4A88-98CA-6CA245CB6DAD}"
EndProject
Project("{FAE04EC0-301F-11D3-BF4B-00C04F79EFBC}") = "Mark.Factory", "framework\src\Mark.Factory\Mark.Factory.csproj", "{47CD02DE-9BF1-422F-8498-ADEB4B45A993}"
EndProject
Project("{FAE04EC0-301F-11D3-BF4B-00C04F79EFBC}") = "Mark.Mapster", "framework\src\Mark.Mapster\Mark.Mapster.csproj", "{CD81929B-B875-4E1A-B15B-8ED33621AAB7}"
EndProject
Project("{FAE04EC0-301F-11D3-BF4B-00C04F79EFBC}") = "Mark.AspNetCore.Serilog", "framework\src\Mark.AspNetCore.Serilog\Mark.AspNetCore.Serilog.csproj", "{75B1E7F7-B411-4C04-9B05-1BED82801C58}"
EndProject
Project("{FAE04EC0-301F-11D3-BF4B-00C04F79EFBC}") = "Mark.MultiTenancy.Abstractions", "framework\src\Mark.MultiTenancy.Abstractions\Mark.MultiTenancy.Abstractions.csproj", "{A9FD1048-FDEB-49B1-9E39-C642343379AC}"
EndProject
Project("{FAE04EC0-301F-11D3-BF4B-00C04F79EFBC}") = "Mark.Security", "framework\src\Mark.Security\Mark.Security.csproj", "{56BB8522-D9C1-4055-AE02-BDC590C7A6EF}"
EndProject
Project("{FAE04EC0-301F-11D3-BF4B-00C04F79EFBC}") = "Mark.Jwt", "framework\src\Mark.Jwt\Mark.Jwt.csproj", "{AE4829FA-3A1F-4F90-B3FB-484BFE958F29}"
EndProject
Project("{FAE04EC0-301F-11D3-BF4B-00C04F79EFBC}") = "Mark.MultiTenancy", "framework\src\Mark.MultiTenancy\Mark.MultiTenancy.csproj", "{EA27ED28-0BAE-4975-9F3C-392E6204E2D5}"
EndProject
Project("{2150E333-8FDC-42A3-9474-1A3956D46DE8}") = "test", "test", "{22E1CCB8-A148-4172-A000-C48BE0A1E471}"
EndProject
Project("{FAE04EC0-301F-11D3-BF4B-00C04F79EFBC}") = "Mark.Factory.SimpleTest", "framework\test\Mark.Factory.SimpleTest\Mark.Factory.SimpleTest.csproj", "{21639534-B2BC-4881-A475-99F9EDDB9CA1}"
EndProject
Global
	GlobalSection(SolutionConfigurationPlatforms) = preSolution
		Debug|Any CPU = Debug|Any CPU
		Release|Any CPU = Release|Any CPU
	EndGlobalSection
	GlobalSection(NestedProjects) = preSolution
		{6D268736-6847-4F34-9837-5E7246C70D05} = {C1BF93A4-0922-4605-9A0E-D7901AE11DA5}
		{CF31EF7A-036B-4A88-98CA-6CA245CB6DAD} = {6D268736-6847-4F34-9837-5E7246C70D05}
		{47CD02DE-9BF1-422F-8498-ADEB4B45A993} = {6D268736-6847-4F34-9837-5E7246C70D05}
		{CD81929B-B875-4E1A-B15B-8ED33621AAB7} = {6D268736-6847-4F34-9837-5E7246C70D05}
		{75B1E7F7-B411-4C04-9B05-1BED82801C58} = {6D268736-6847-4F34-9837-5E7246C70D05}
		{A9FD1048-FDEB-49B1-9E39-C642343379AC} = {6D268736-6847-4F34-9837-5E7246C70D05}
		{56BB8522-D9C1-4055-AE02-BDC590C7A6EF} = {6D268736-6847-4F34-9837-5E7246C70D05}
		{AE4829FA-3A1F-4F90-B3FB-484BFE958F29} = {6D268736-6847-4F34-9837-5E7246C70D05}
		{EA27ED28-0BAE-4975-9F3C-392E6204E2D5} = {6D268736-6847-4F34-9837-5E7246C70D05}
		{21639534-B2BC-4881-A475-99F9EDDB9CA1} = {22E1CCB8-A148-4172-A000-C48BE0A1E471}
		{22E1CCB8-A148-4172-A000-C48BE0A1E471} = {C1BF93A4-0922-4605-9A0E-D7901AE11DA5}
	EndGlobalSection
	GlobalSection(ProjectConfigurationPlatforms) = postSolution
		{CF31EF7A-036B-4A88-98CA-6CA245CB6DAD}.Debug|Any CPU.ActiveCfg = Debug|Any CPU
		{CF31EF7A-036B-4A88-98CA-6CA245CB6DAD}.Debug|Any CPU.Build.0 = Debug|Any CPU
		{CF31EF7A-036B-4A88-98CA-6CA245CB6DAD}.Release|Any CPU.ActiveCfg = Release|Any CPU
		{CF31EF7A-036B-4A88-98CA-6CA245CB6DAD}.Release|Any CPU.Build.0 = Release|Any CPU
		{47CD02DE-9BF1-422F-8498-ADEB4B45A993}.Debug|Any CPU.ActiveCfg = Debug|Any CPU
		{47CD02DE-9BF1-422F-8498-ADEB4B45A993}.Debug|Any CPU.Build.0 = Debug|Any CPU
		{47CD02DE-9BF1-422F-8498-ADEB4B45A993}.Release|Any CPU.ActiveCfg = Release|Any CPU
		{47CD02DE-9BF1-422F-8498-ADEB4B45A993}.Release|Any CPU.Build.0 = Release|Any CPU
		{CD81929B-B875-4E1A-B15B-8ED33621AAB7}.Debug|Any CPU.ActiveCfg = Debug|Any CPU
		{CD81929B-B875-4E1A-B15B-8ED33621AAB7}.Debug|Any CPU.Build.0 = Debug|Any CPU
		{CD81929B-B875-4E1A-B15B-8ED33621AAB7}.Release|Any CPU.ActiveCfg = Release|Any CPU
		{CD81929B-B875-4E1A-B15B-8ED33621AAB7}.Release|Any CPU.Build.0 = Release|Any CPU
		{75B1E7F7-B411-4C04-9B05-1BED82801C58}.Debug|Any CPU.ActiveCfg = Debug|Any CPU
		{75B1E7F7-B411-4C04-9B05-1BED82801C58}.Debug|Any CPU.Build.0 = Debug|Any CPU
		{75B1E7F7-B411-4C04-9B05-1BED82801C58}.Release|Any CPU.ActiveCfg = Release|Any CPU
		{75B1E7F7-B411-4C04-9B05-1BED82801C58}.Release|Any CPU.Build.0 = Release|Any CPU
		{A9FD1048-FDEB-49B1-9E39-C642343379AC}.Debug|Any CPU.ActiveCfg = Debug|Any CPU
		{A9FD1048-FDEB-49B1-9E39-C642343379AC}.Debug|Any CPU.Build.0 = Debug|Any CPU
		{A9FD1048-FDEB-49B1-9E39-C642343379AC}.Release|Any CPU.ActiveCfg = Release|Any CPU
		{A9FD1048-FDEB-49B1-9E39-C642343379AC}.Release|Any CPU.Build.0 = Release|Any CPU
		{56BB8522-D9C1-4055-AE02-BDC590C7A6EF}.Debug|Any CPU.ActiveCfg = Debug|Any CPU
		{56BB8522-D9C1-4055-AE02-BDC590C7A6EF}.Debug|Any CPU.Build.0 = Debug|Any CPU
		{56BB8522-D9C1-4055-AE02-BDC590C7A6EF}.Release|Any CPU.ActiveCfg = Release|Any CPU
		{56BB8522-D9C1-4055-AE02-BDC590C7A6EF}.Release|Any CPU.Build.0 = Release|Any CPU
		{AE4829FA-3A1F-4F90-B3FB-484BFE958F29}.Debug|Any CPU.ActiveCfg = Debug|Any CPU
		{AE4829FA-3A1F-4F90-B3FB-484BFE958F29}.Debug|Any CPU.Build.0 = Debug|Any CPU
		{AE4829FA-3A1F-4F90-B3FB-484BFE958F29}.Release|Any CPU.ActiveCfg = Release|Any CPU
		{AE4829FA-3A1F-4F90-B3FB-484BFE958F29}.Release|Any CPU.Build.0 = Release|Any CPU
		{EA27ED28-0BAE-4975-9F3C-392E6204E2D5}.Debug|Any CPU.ActiveCfg = Debug|Any CPU
		{EA27ED28-0BAE-4975-9F3C-392E6204E2D5}.Debug|Any CPU.Build.0 = Debug|Any CPU
		{EA27ED28-0BAE-4975-9F3C-392E6204E2D5}.Release|Any CPU.ActiveCfg = Release|Any CPU
		{EA27ED28-0BAE-4975-9F3C-392E6204E2D5}.Release|Any CPU.Build.0 = Release|Any CPU
		{21639534-B2BC-4881-A475-99F9EDDB9CA1}.Debug|Any CPU.ActiveCfg = Debug|Any CPU
		{21639534-B2BC-4881-A475-99F9EDDB9CA1}.Debug|Any CPU.Build.0 = Debug|Any CPU
		{21639534-B2BC-4881-A475-99F9EDDB9CA1}.Release|Any CPU.ActiveCfg = Release|Any CPU
		{21639534-B2BC-4881-A475-99F9EDDB9CA1}.Release|Any CPU.Build.0 = Release|Any CPU
	EndGlobalSection
EndGlobal
